// !$*UTF8*$!
{
	archiveVersion = 1;
	classes = {
	};
	objectVersion = 46;
	objects = {

/* Begin PBXBuildFile section */
		19049A591C3E627700E47369 /* main.m in Sources */ = {isa = PBXBuildFile; fileRef = 19049A581C3E627700E47369 /* main.m */; };
		19049A5C1C3E627700E47369 /* AppDelegate.m in Sources */ = {isa = PBXBuildFile; fileRef = 19049A5B1C3E627700E47369 /* AppDelegate.m */; };
		19049A5F1C3E627700E47369 /* ViewController.m in Sources */ = {isa = PBXBuildFile; fileRef = 19049A5E1C3E627700E47369 /* ViewController.m */; };
		19049A621C3E627700E47369 /* Main.storyboard in Resources */ = {isa = PBXBuildFile; fileRef = 19049A601C3E627700E47369 /* Main.storyboard */; };
		19049A641C3E627700E47369 /* Assets.xcassets in Resources */ = {isa = PBXBuildFile; fileRef = 19049A631C3E627700E47369 /* Assets.xcassets */; };
		19049A671C3E627700E47369 /* LaunchScreen.storyboard in Resources */ = {isa = PBXBuildFile; fileRef = 19049A651C3E627700E47369 /* LaunchScreen.storyboard */; };
		19049A721C3E627800E47369 /* TreeTableViewTests.m in Sources */ = {isa = PBXBuildFile; fileRef = 19049A711C3E627800E47369 /* TreeTableViewTests.m */; };
		19049A7D1C3E627800E47369 /* TreeTableViewUITests.m in Sources */ = {isa = PBXBuildFile; fileRef = 19049A7C1C3E627800E47369 /* TreeTableViewUITests.m */; };
		19049A901C3E64A100E47369 /* TreeViewController.m in Sources */ = {isa = PBXBuildFile; fileRef = 19049A8F1C3E64A100E47369 /* TreeViewController.m */; };
		19049A941C3E650D00E47369 /* SectionHeadCell.m in Sources */ = {isa = PBXBuildFile; fileRef = 19049A921C3E650D00E47369 /* SectionHeadCell.m */; };
		19049A951C3E650D00E47369 /* SectionHeadCell.xib in Resources */ = {isa = PBXBuildFile; fileRef = 19049A931C3E650D00E47369 /* SectionHeadCell.xib */; };
		19049A991C3E653D00E47369 /* RowCell.m in Sources */ = {isa = PBXBuildFile; fileRef = 19049A971C3E653D00E47369 /* RowCell.m */; };
		19049A9A1C3E653D00E47369 /* RowCell.xib in Resources */ = {isa = PBXBuildFile; fileRef = 19049A981C3E653D00E47369 /* RowCell.xib */; };
		19049A9D1C3E658800E47369 /* TreeModel.m in Sources */ = {isa = PBXBuildFile; fileRef = 19049A9C1C3E658800E47369 /* TreeModel.m */; };
		19049AA01C3E6CFE00E47369 /* SectionHeadModel.m in Sources */ = {isa = PBXBuildFile; fileRef = 19049A9F1C3E6CFE00E47369 /* SectionHeadModel.m */; };
		19049AA31C3E6D0F00E47369 /* RowModel.m in Sources */ = {isa = PBXBuildFile; fileRef = 19049AA21C3E6D0F00E47369 /* RowModel.m */; };
		191FF5231C40D9F7009662D5 /* 4.png in Resources */ = {isa = PBXBuildFile; fileRef = 191FF51C1C40D9F7009662D5 /* 4.png */; };
		191FF5241C40D9F7009662D5 /* 5.png in Resources */ = {isa = PBXBuildFile; fileRef = 191FF51D1C40D9F7009662D5 /* 5.png */; };
		191FF5251C40D9F7009662D5 /* 6.png in Resources */ = {isa = PBXBuildFile; fileRef = 191FF51E1C40D9F7009662D5 /* 6.png */; };
		191FF5261C40D9F7009662D5 /* 7.png in Resources */ = {isa = PBXBuildFile; fileRef = 191FF51F1C40D9F7009662D5 /* 7.png */; };
		191FF5271C40D9F7009662D5 /* 8.png in Resources */ = {isa = PBXBuildFile; fileRef = 191FF5201C40D9F7009662D5 /* 8.png */; };
		191FF5281C40D9F7009662D5 /* 9.png in Resources */ = {isa = PBXBuildFile; fileRef = 191FF5211C40D9F7009662D5 /* 9.png */; };
		191FF5291C40D9F7009662D5 /* the_arrow.png in Resources */ = {isa = PBXBuildFile; fileRef = 191FF5221C40D9F7009662D5 /* the_arrow.png */; };
/* End PBXBuildFile section */

/* Begin PBXContainerItemProxy section */
		19049A6E1C3E627700E47369 /* PBXContainerItemProxy */ = {
			isa = PBXContainerItemProxy;
			containerPortal = 19049A4C1C3E627700E47369 /* Project object */;
			proxyType = 1;
			remoteGlobalIDString = 19049A531C3E627700E47369;
			remoteInfo = TreeTableView;
		};
		19049A791C3E627800E47369 /* PBXContainerItemProxy */ = {
			isa = PBXContainerItemProxy;
			containerPortal = 19049A4C1C3E627700E47369 /* Project object */;
			proxyType = 1;
			remoteGlobalIDString = 19049A531C3E627700E47369;
			remoteInfo = TreeTableView;
		};
/* End PBXContainerItemProxy section */

/* Begin PBXFileReference section */
		19049A541C3E627700E47369 /* TreeTableView.app */ = {isa = PBXFileReference; explicitFileType = wrapper.application; includeInIndex = 0; path = TreeTableView.app; sourceTree = BUILT_PRODUCTS_DIR; };
		19049A581C3E627700E47369 /* main.m */ = {isa = PBXFileReference; lastKnownFileType = sourcecode.c.objc; path = main.m; sourceTree = "<group>"; };
		19049A5A1C3E627700E47369 /* AppDelegate.h */ = {isa = PBXFileReference; lastKnownFileType = sourcecode.c.h; path = AppDelegate.h; sourceTree = "<group>"; };
		19049A5B1C3E627700E47369 /* AppDelegate.m */ = {isa = PBXFileReference; lastKnownFileType = sourcecode.c.objc; path = AppDelegate.m; sourceTree = "<group>"; };
		19049A5D1C3E627700E47369 /* ViewController.h */ = {isa = PBXFileReference; lastKnownFileType = sourcecode.c.h; path = ViewController.h; sourceTree = "<group>"; };
		19049A5E1C3E627700E47369 /* ViewController.m */ = {isa = PBXFileReference; lastKnownFileType = sourcecode.c.objc; path = ViewController.m; sourceTree = "<group>"; };
		19049A611C3E627700E47369 /* Base */ = {isa = PBXFileReference; lastKnownFileType = file.storyboard; name = Base; path = Base.lproj/Main.storyboard; sourceTree = "<group>"; };
		19049A631C3E627700E47369 /* Assets.xcassets */ = {isa = PBXFileReference; lastKnownFileType = folder.assetcatalog; path = Assets.xcassets; sourceTree = "<group>"; };
		19049A661C3E627700E47369 /* Base */ = {isa = PBXFileReference; lastKnownFileType = file.storyboard; name = Base; path = Base.lproj/LaunchScreen.storyboard; sourceTree = "<group>"; };
		19049A681C3E627700E47369 /* Info.plist */ = {isa = PBXFileReference; lastKnownFileType = text.plist.xml; path = Info.plist; sourceTree = "<group>"; };
		19049A6D1C3E627700E47369 /* TreeTableViewTests.xctest */ = {isa = PBXFileReference; explicitFileType = wrapper.cfbundle; includeInIndex = 0; path = TreeTableViewTests.xctest; sourceTree = BUILT_PRODUCTS_DIR; };
		19049A711C3E627800E47369 /* TreeTableViewTests.m */ = {isa = PBXFileReference; lastKnownFileType = sourcecode.c.objc; path = TreeTableViewTests.m; sourceTree = "<group>"; };
		19049A731C3E627800E47369 /* Info.plist */ = {isa = PBXFileReference; lastKnownFileType = text.plist.xml; path = Info.plist; sourceTree = "<group>"; };
		19049A781C3E627800E47369 /* TreeTableViewUITests.xctest */ = {isa = PBXFileReference; explicitFileType = wrapper.cfbundle; includeInIndex = 0; path = TreeTableViewUITests.xctest; sourceTree = BUILT_PRODUCTS_DIR; };
		19049A7C1C3E627800E47369 /* TreeTableViewUITests.m */ = {isa = PBXFileReference; lastKnownFileType = sourcecode.c.objc; path = TreeTableViewUITests.m; sourceTree = "<group>"; };
		19049A7E1C3E627800E47369 /* Info.plist */ = {isa = PBXFileReference; lastKnownFileType = text.plist.xml; path = Info.plist; sourceTree = "<group>"; };
		19049A8E1C3E64A100E47369 /* TreeViewController.h */ = {isa = PBXFileReference; fileEncoding = 4; lastKnownFileType = sourcecode.c.h; path = TreeViewController.h; sourceTree = "<group>"; };
		19049A8F1C3E64A100E47369 /* TreeViewController.m */ = {isa = PBXFileReference; fileEncoding = 4; lastKnownFileType = sourcecode.c.objc; path = TreeViewController.m; sourceTree = "<group>"; };
		19049A911C3E650D00E47369 /* SectionHeadCell.h */ = {isa = PBXFileReference; fileEncoding = 4; lastKnownFileType = sourcecode.c.h; path = SectionHeadCell.h; sourceTree = "<group>"; };
		19049A921C3E650D00E47369 /* SectionHeadCell.m */ = {isa = PBXFileReference; fileEncoding = 4; lastKnownFileType = sourcecode.c.objc; path = SectionHeadCell.m; sourceTree = "<group>"; };
		19049A931C3E650D00E47369 /* SectionHeadCell.xib */ = {isa = PBXFileReference; fileEncoding = 4; lastKnownFileType = file.xib; path = SectionHeadCell.xib; sourceTree = "<group>"; };
		19049A961C3E653D00E47369 /* RowCell.h */ = {isa = PBXFileReference; fileEncoding = 4; lastKnownFileType = sourcecode.c.h; path = RowCell.h; sourceTree = "<group>"; };
		19049A971C3E653D00E47369 /* RowCell.m */ = {isa = PBXFileReference; fileEncoding = 4; lastKnownFileType = sourcecode.c.objc; path = RowCell.m; sourceTree = "<group>"; };
		19049A981C3E653D00E47369 /* RowCell.xib */ = {isa = PBXFileReference; fileEncoding = 4; lastKnownFileType = file.xib; path = RowCell.xib; sourceTree = "<group>"; };
		19049A9B1C3E658800E47369 /* TreeModel.h */ = {isa = PBXFileReference; fileEncoding = 4; lastKnownFileType = sourcecode.c.h; path = TreeModel.h; sourceTree = "<group>"; };
		19049A9C1C3E658800E47369 /* TreeModel.m */ = {isa = PBXFileReference; fileEncoding = 4; lastKnownFileType = sourcecode.c.objc; path = TreeModel.m; sourceTree = "<group>"; };
		19049A9E1C3E6CFE00E47369 /* SectionHeadModel.h */ = {isa = PBXFileReference; fileEncoding = 4; lastKnownFileType = sourcecode.c.h; path = SectionHeadModel.h; sourceTree = "<group>"; };
		19049A9F1C3E6CFE00E47369 /* SectionHeadModel.m */ = {isa = PBXFileReference; fileEncoding = 4; lastKnownFileType = sourcecode.c.objc; path = SectionHeadModel.m; sourceTree = "<group>"; };
		19049AA11C3E6D0F00E47369 /* RowModel.h */ = {isa = PBXFileReference; fileEncoding = 4; lastKnownFileType = sourcecode.c.h; path = RowModel.h; sourceTree = "<group>"; };
		19049AA21C3E6D0F00E47369 /* RowModel.m */ = {isa = PBXFileReference; fileEncoding = 4; lastKnownFileType = sourcecode.c.objc; path = RowModel.m; sourceTree = "<group>"; };
		191FF51C1C40D9F7009662D5 /* 4.png */ = {isa = PBXFileReference; lastKnownFileType = image.png; path = 4.png; sourceTree = "<group>"; };
		191FF51D1C40D9F7009662D5 /* 5.png */ = {isa = PBXFileReference; lastKnownFileType = image.png; path = 5.png; sourceTree = "<group>"; };
		191FF51E1C40D9F7009662D5 /* 6.png */ = {isa = PBXFileReference; lastKnownFileType = image.png; path = 6.png; sourceTree = "<group>"; };
		191FF51F1C40D9F7009662D5 /* 7.png */ = {isa = PBXFileReference; lastKnownFileType = image.png; path = 7.png; sourceTree = "<group>"; };
		191FF5201C40D9F7009662D5 /* 8.png */ = {isa = PBXFileReference; lastKnownFileType = image.png; path = 8.png; sourceTree = "<group>"; };
		191FF5211C40D9F7009662D5 /* 9.png */ = {isa = PBXFileReference; lastKnownFileType = image.png; path = 9.png; sourceTree = "<group>"; };
		191FF5221C40D9F7009662D5 /* the_arrow.png */ = {isa = PBXFileReference; lastKnownFileType = image.png; path = the_arrow.png; sourceTree = "<group>"; };
/* End PBXFileReference section */

/* Begin PBXFrameworksBuildPhase section */
		19049A511C3E627700E47369 /* Frameworks */ = {
			isa = PBXFrameworksBuildPhase;
			buildActionMask = 2147483647;
			files = (
			);
			runOnlyForDeploymentPostprocessing = 0;
		};
		19049A6A1C3E627700E47369 /* Frameworks */ = {
			isa = PBXFrameworksBuildPhase;
			buildActionMask = 2147483647;
			files = (
			);
			runOnlyForDeploymentPostprocessing = 0;
		};
		19049A751C3E627800E47369 /* Frameworks */ = {
			isa = PBXFrameworksBuildPhase;
			buildActionMask = 2147483647;
			files = (
			);
			runOnlyForDeploymentPostprocessing = 0;
		};
/* End PBXFrameworksBuildPhase section */

/* Begin PBXGroup section */
		19049A4B1C3E627700E47369 = {
			isa = PBXGroup;
			children = (
				19049A561C3E627700E47369 /* TreeTableView */,
				19049A701C3E627700E47369 /* TreeTableViewTests */,
				19049A7B1C3E627800E47369 /* TreeTableViewUITests */,
				19049A551C3E627700E47369 /* Products */,
			);
			sourceTree = "<group>";
		};
		19049A551C3E627700E47369 /* Products */ = {
			isa = PBXGroup;
			children = (
				19049A541C3E627700E47369 /* TreeTableView.app */,
				19049A6D1C3E627700E47369 /* TreeTableViewTests.xctest */,
				19049A781C3E627800E47369 /* TreeTableViewUITests.xctest */,
			);
			name = Products;
			sourceTree = "<group>";
		};
		19049A561C3E627700E47369 /* TreeTableView */ = {
			isa = PBXGroup;
			children = (
				191FF51B1C40D9F7009662D5 /* image */,
				19049A8D1C3E647200E47369 /* ZYTreeTableView */,
				19049A5A1C3E627700E47369 /* AppDelegate.h */,
				19049A5B1C3E627700E47369 /* AppDelegate.m */,
				19049A5D1C3E627700E47369 /* ViewController.h */,
				19049A5E1C3E627700E47369 /* ViewController.m */,
				19049A601C3E627700E47369 /* Main.storyboard */,
				19049A631C3E627700E47369 /* Assets.xcassets */,
				19049A651C3E627700E47369 /* LaunchScreen.storyboard */,
				19049A681C3E627700E47369 /* Info.plist */,
				19049A571C3E627700E47369 /* Supporting Files */,
			);
			path = TreeTableView;
			sourceTree = "<group>";
		};
		19049A571C3E627700E47369 /* Supporting Files */ = {
			isa = PBXGroup;
			children = (
				19049A581C3E627700E47369 /* main.m */,
			);
			name = "Supporting Files";
			sourceTree = "<group>";
		};
		19049A701C3E627700E47369 /* TreeTableViewTests */ = {
			isa = PBXGroup;
			children = (
				19049A711C3E627800E47369 /* TreeTableViewTests.m */,
				19049A731C3E627800E47369 /* Info.plist */,
			);
			path = TreeTableViewTests;
			sourceTree = "<group>";
		};
		19049A7B1C3E627800E47369 /* TreeTableViewUITests */ = {
			isa = PBXGroup;
			children = (
				19049A7C1C3E627800E47369 /* TreeTableViewUITests.m */,
				19049A7E1C3E627800E47369 /* Info.plist */,
			);
			path = TreeTableViewUITests;
			sourceTree = "<group>";
		};
		19049A8D1C3E647200E47369 /* ZYTreeTableView */ = {
			isa = PBXGroup;
			children = (
				19049A8E1C3E64A100E47369 /* TreeViewController.h */,
				19049A8F1C3E64A100E47369 /* TreeViewController.m */,
				19049A9B1C3E658800E47369 /* TreeModel.h */,
				19049A9C1C3E658800E47369 /* TreeModel.m */,
				19049A911C3E650D00E47369 /* SectionHeadCell.h */,
				19049A921C3E650D00E47369 /* SectionHeadCell.m */,
				19049A931C3E650D00E47369 /* SectionHeadCell.xib */,
				19049A9E1C3E6CFE00E47369 /* SectionHeadModel.h */,
				19049A9F1C3E6CFE00E47369 /* SectionHeadModel.m */,
				19049A961C3E653D00E47369 /* RowCell.h */,
				19049A971C3E653D00E47369 /* RowCell.m */,
				19049A981C3E653D00E47369 /* RowCell.xib */,
				19049AA11C3E6D0F00E47369 /* RowModel.h */,
				19049AA21C3E6D0F00E47369 /* RowModel.m */,
			);
			path = ZYTreeTableView;
			sourceTree = "<group>";
		};
		191FF51B1C40D9F7009662D5 /* image */ = {
			isa = PBXGroup;
			children = (
				191FF51C1C40D9F7009662D5 /* 4.png */,
				191FF51D1C40D9F7009662D5 /* 5.png */,
				191FF51E1C40D9F7009662D5 /* 6.png */,
				191FF51F1C40D9F7009662D5 /* 7.png */,
				191FF5201C40D9F7009662D5 /* 8.png */,
				191FF5211C40D9F7009662D5 /* 9.png */,
				191FF5221C40D9F7009662D5 /* the_arrow.png */,
			);
			name = image;
			path = ZYTreeTableView/image;
			sourceTree = "<group>";
		};
/* End PBXGroup section */

/* Begin PBXNativeTarget section */
		19049A531C3E627700E47369 /* TreeTableView */ = {
			isa = PBXNativeTarget;
			buildConfigurationList = 19049A811C3E627800E47369 /* Build configuration list for PBXNativeTarget "TreeTableView" */;
			buildPhases = (
				19049A501C3E627700E47369 /* Sources */,
				19049A511C3E627700E47369 /* Frameworks */,
				19049A521C3E627700E47369 /* Resources */,
			);
			buildRules = (
			);
			dependencies = (
			);
			name = TreeTableView;
			productName = TreeTableView;
			productReference = 19049A541C3E627700E47369 /* TreeTableView.app */;
			productType = "com.apple.product-type.application";
		};
		19049A6C1C3E627700E47369 /* TreeTableViewTests */ = {
			isa = PBXNativeTarget;
			buildConfigurationList = 19049A841C3E627800E47369 /* Build configuration list for PBXNativeTarget "TreeTableViewTests" */;
			buildPhases = (
				19049A691C3E627700E47369 /* Sources */,
				19049A6A1C3E627700E47369 /* Frameworks */,
				19049A6B1C3E627700E47369 /* Resources */,
			);
			buildRules = (
			);
			dependencies = (
				19049A6F1C3E627700E47369 /* PBXTargetDependency */,
			);
			name = TreeTableViewTests;
			productName = TreeTableViewTests;
			productReference = 19049A6D1C3E627700E47369 /* TreeTableViewTests.xctest */;
			productType = "com.apple.product-type.bundle.unit-test";
		};
		19049A771C3E627800E47369 /* TreeTableViewUITests */ = {
			isa = PBXNativeTarget;
			buildConfigurationList = 19049A871C3E627800E47369 /* Build configuration list for PBXNativeTarget "TreeTableViewUITests" */;
			buildPhases = (
				19049A741C3E627800E47369 /* Sources */,
				19049A751C3E627800E47369 /* Frameworks */,
				19049A761C3E627800E47369 /* Resources */,
			);
			buildRules = (
			);
			dependencies = (
				19049A7A1C3E627800E47369 /* PBXTargetDependency */,
			);
			name = TreeTableViewUITests;
			productName = TreeTableViewUITests;
			productReference = 19049A781C3E627800E47369 /* TreeTableViewUITests.xctest */;
			productType = "com.apple.product-type.bundle.ui-testing";
		};
/* End PBXNativeTarget section */

/* Begin PBXProject section */
		19049A4C1C3E627700E47369 /* Project object */ = {
			isa = PBXProject;
			attributes = {
				LastUpgradeCheck = 0710;
				ORGANIZATIONNAME = yi;
				TargetAttributes = {
					19049A531C3E627700E47369 = {
						CreatedOnToolsVersion = 7.1;
					};
					19049A6C1C3E627700E47369 = {
						CreatedOnToolsVersion = 7.1;
						TestTargetID = 19049A531C3E627700E47369;
					};
					19049A771C3E627800E47369 = {
						CreatedOnToolsVersion = 7.1;
						TestTargetID = 19049A531C3E627700E47369;
					};
				};
			};
			buildConfigurationList = 19049A4F1C3E627700E47369 /* Build configuration list for PBXProject "TreeTableView" */;
			compatibilityVersion = "Xcode 3.2";
			developmentRegion = English;
			hasScannedForEncodings = 0;
			knownRegions = (
				en,
				Base,
			);
			mainGroup = 19049A4B1C3E627700E47369;
			productRefGroup = 19049A551C3E627700E47369 /* Products */;
			projectDirPath = "";
			projectRoot = "";
			targets = (
				19049A531C3E627700E47369 /* TreeTableView */,
				19049A6C1C3E627700E47369 /* TreeTableViewTests */,
				19049A771C3E627800E47369 /* TreeTableViewUITests */,
			);
		};
/* End PBXProject section */

/* Begin PBXResourcesBuildPhase section */
		19049A521C3E627700E47369 /* Resources */ = {
			isa = PBXResourcesBuildPhase;
			buildActionMask = 2147483647;
			files = (
				191FF5281C40D9F7009662D5 /* 9.png in Resources */,
				191FF5271C40D9F7009662D5 /* 8.png in Resources */,
				191FF5261C40D9F7009662D5 /* 7.png in Resources */,
				191FF5231C40D9F7009662D5 /* 4.png in Resources */,
				19049A671C3E627700E47369 /* LaunchScreen.storyboard in Resources */,
				19049A641C3E627700E47369 /* Assets.xcassets in Resources */,
				19049A621C3E627700E47369 /* Main.storyboard in Resources */,
				191FF5291C40D9F7009662D5 /* the_arrow.png in Resources */,
				191FF5241C40D9F7009662D5 /* 5.png in Resources */,
				19049A9A1C3E653D00E47369 /* RowCell.xib in Resources */,
				191FF5251C40D9F7009662D5 /* 6.png in Resources */,
				19049A951C3E650D00E47369 /* SectionHeadCell.xib in Resources */,
			);
			runOnlyForDeploymentPostprocessing = 0;
		};
		19049A6B1C3E627700E47369 /* Resources */ = {
			isa = PBXResourcesBuildPhase;
			buildActionMask = 2147483647;
			files = (
			);
			runOnlyForDeploymentPostprocessing = 0;
		};
		19049A761C3E627800E47369 /* Resources */ = {
			isa = PBXResourcesBuildPhase;
			buildActionMask = 2147483647;
			files = (
			);
			runOnlyForDeploymentPostprocessing = 0;
		};
/* End PBXResourcesBuildPhase section */

/* Begin PBXSourcesBuildPhase section */
		19049A501C3E627700E47369 /* Sources */ = {
			isa = PBXSourcesBuildPhase;
			buildActionMask = 2147483647;
			files = (
				19049A9D1C3E658800E47369 /* TreeModel.m in Sources */,
				19049A5F1C3E627700E47369 /* ViewController.m in Sources */,
				19049A941C3E650D00E47369 /* SectionHeadCell.m in Sources */,
				19049A5C1C3E627700E47369 /* AppDelegate.m in Sources */,
				19049A901C3E64A100E47369 /* TreeViewController.m in Sources */,
				19049AA31C3E6D0F00E47369 /* RowModel.m in Sources */,
				19049AA01C3E6CFE00E47369 /* SectionHeadModel.m in Sources */,
				19049A991C3E653D00E47369 /* RowCell.m in Sources */,
				19049A591C3E627700E47369 /* main.m in Sources */,
			);
			runOnlyForDeploymentPostprocessing = 0;
		};
		19049A691C3E627700E47369 /* Sources */ = {
			isa = PBXSourcesBuildPhase;
			buildActionMask = 2147483647;
			files = (
				19049A721C3E627800E47369 /* TreeTableViewTests.m in Sources */,
			);
			runOnlyForDeploymentPostprocessing = 0;
		};
		19049A741C3E627800E47369 /* Sources */ = {
			isa = PBXSourcesBuildPhase;
			buildActionMask = 2147483647;
			files = (
				19049A7D1C3E627800E47369 /* TreeTableViewUITests.m in Sources */,
			);
			runOnlyForDeploymentPostprocessing = 0;
		};
/* End PBXSourcesBuildPhase section */

/* Begin PBXTargetDependency section */
		19049A6F1C3E627700E47369 /* PBXTargetDependency */ = {
			isa = PBXTargetDependency;
			target = 19049A531C3E627700E47369 /* TreeTableView */;
			targetProxy = 19049A6E1C3E627700E47369 /* PBXContainerItemProxy */;
		};
		19049A7A1C3E627800E47369 /* PBXTargetDependency */ = {
			isa = PBXTargetDependency;
			target = 19049A531C3E627700E47369 /* TreeTableView */;
			targetProxy = 19049A791C3E627800E47369 /* PBXContainerItemProxy */;
		};
/* End PBXTargetDependency section */

/* Begin PBXVariantGroup section */
		19049A601C3E627700E47369 /* Main.storyboard */ = {
			isa = PBXVariantGroup;
			children = (
				19049A611C3E627700E47369 /* Base */,
			);
			name = Main.storyboard;
			sourceTree = "<group>";
		};
		19049A651C3E627700E47369 /* LaunchScreen.storyboard */ = {
			isa = PBXVariantGroup;
			children = (
				19049A661C3E627700E47369 /* Base */,
			);
			name = LaunchScreen.storyboard;
			sourceTree = "<group>";
		};
/* End PBXVariantGroup section */

/* Begin XCBuildConfiguration section */
		19049A7F1C3E627800E47369 /* Debug */ = {
			isa = XCBuildConfiguration;
			buildSettings = {
				ALWAYS_SEARCH_USER_PATHS = NO;
				CLANG_CXX_LANGUAGE_STANDARD = "gnu++0x";
				CLANG_CXX_LIBRARY = "libc++";
				CLANG_ENABLE_MODULES = YES;
				CLANG_ENABLE_OBJC_ARC = YES;
				CLANG_WARN_BOOL_CONVERSION = YES;
				CLANG_WARN_CONSTANT_CONVERSION = YES;
				CLANG_WARN_DIRECT_OBJC_ISA_USAGE = YES_ERROR;
				CLANG_WARN_EMPTY_BODY = YES;
				CLANG_WARN_ENUM_CONVERSION = YES;
				CLANG_WARN_INT_CONVERSION = YES;
				CLANG_WARN_OBJC_ROOT_CLASS = YES_ERROR;
				CLANG_WARN_UNREACHABLE_CODE = YES;
				CLANG_WARN__DUPLICATE_METHOD_MATCH = YES;
				"CODE_SIGN_IDENTITY[sdk=iphoneos*]" = "iPhone Developer";
				COPY_PHASE_STRIP = NO;
				DEBUG_INFORMATION_FORMAT = dwarf;
				ENABLE_STRICT_OBJC_MSGSEND = YES;
				ENABLE_TESTABILITY = YES;
				GCC_C_LANGUAGE_STANDARD = gnu99;
				GCC_DYNAMIC_NO_PIC = NO;
				GCC_NO_COMMON_BLOCKS = YES;
				GCC_OPTIMIZATION_LEVEL = 0;
				GCC_PREPROCESSOR_DEFINITIONS = (
					"DEBUG=1",
					"$(inherited)",
				);
				GCC_WARN_64_TO_32_BIT_CONVERSION = YES;
				GCC_WARN_ABOUT_RETURN_TYPE = YES_ERROR;
				GCC_WARN_UNDECLARED_SELECTOR = YES;
				GCC_WARN_UNINITIALIZED_AUTOS = YES_AGGRESSIVE;
				GCC_WARN_UNUSED_FUNCTION = YES;
				GCC_WARN_UNUSED_VARIABLE = YES;
				IPHONEOS_DEPLOYMENT_TARGET = 9.1;
				MTL_ENABLE_DEBUG_INFO = YES;
				ONLY_ACTIVE_ARCH = YES;
				SDKROOT = iphoneos;
				TARGETED_DEVICE_FAMILY = "1,2";
			};
			name = Debug;
		};
		19049A801C3E627800E47369 /* Release */ = {
			isa = XCBuildConfiguration;
			buildSettings = {
				ALWAYS_SEARCH_USER_PATHS = NO;
				CLANG_CXX_LANGUAGE_STANDARD = "gnu++0x";
				CLANG_CXX_LIBRARY = "libc++";
				CLANG_ENABLE_MODULES = YES;
				CLANG_ENABLE_OBJC_ARC = YES;
				CLANG_WARN_BOOL_CONVERSION = YES;
				CLANG_WARN_CONSTANT_CONVERSION = YES;
				CLANG_WARN_DIRECT_OBJC_ISA_USAGE = YES_ERROR;
				CLANG_WARN_EMPTY_BODY = YES;
				CLANG_WARN_ENUM_CONVERSION = YES;
				CLANG_WARN_INT_CONVERSION = YES;
				CLANG_WARN_OBJC_ROOT_CLASS = YES_ERROR;
				CLANG_WARN_UNREACHABLE_CODE = YES;
				CLANG_WARN__DUPLICATE_METHOD_MATCH = YES;
				"CODE_SIGN_IDENTITY[sdk=iphoneos*]" = "iPhone Developer";
				COPY_PHASE_STRIP = NO;
				DEBUG_INFORMATION_FORMAT = "dwarf-with-dsym";
				ENABLE_NS_ASSERTIONS = NO;
				ENABLE_STRICT_OBJC_MSGSEND = YES;
				GCC_C_LANGUAGE_STANDARD = gnu99;
				GCC_NO_COMMON_BLOCKS = YES;
				GCC_WARN_64_TO_32_BIT_CONVERSION = YES;
				GCC_WARN_ABOUT_RETURN_TYPE = YES_ERROR;
				GCC_WARN_UNDECLARED_SELECTOR = YES;
				GCC_WARN_UNINITIALIZED_AUTOS = YES_AGGRESSIVE;
				GCC_WARN_UNUSED_FUNCTION = YES;
				GCC_WARN_UNUSED_VARIABLE = YES;
				IPHONEOS_DEPLOYMENT_TARGET = 9.1;
				MTL_ENABLE_DEBUG_INFO = NO;
				SDKROOT = iphoneos;
				TARGETED_DEVICE_FAMILY = "1,2";
				VALIDATE_PRODUCT = YES;
			};
			name = Release;
		};
		19049A821C3E627800E47369 /* Debug */ = {
			isa = XCBuildConfiguration;
			buildSettings = {
				ASSETCATALOG_COMPILER_APPICON_NAME = AppIcon;
				INFOPLIST_FILE = TreeTableView/Info.plist;
				IPHONEOS_DEPLOYMENT_TARGET = 8.0;
				LD_RUNPATH_SEARCH_PATHS = "$(inherited) @executable_path/Frameworks";
				PRODUCT_BUNDLE_IDENTIFIER = com.tinckay.TreeTableView;
				PRODUCT_NAME = "$(TARGET_NAME)";
			};
			name = Debug;
		};
		19049A831C3E627800E47369 /* Release */ = {
			isa = XCBuildConfiguration;
			buildSettings = {
				ASSETCATALOG_COMPILER_APPICON_NAME = AppIcon;
				INFOPLIST_FILE = TreeTableView/Info.plist;
				IPHONEOS_DEPLOYMENT_TARGET = 8.0;
				LD_RUNPATH_SEARCH_PATHS = "$(inherited) @executable_path/Frameworks";
				PRODUCT_BUNDLE_IDENTIFIER = com.tinckay.TreeTableView;
				PRODUCT_NAME = "$(TARGET_NAME)";
			};
			name = Release;
		};
		19049A851C3E627800E47369 /* Debug */ = {
			isa = XCBuildConfiguration;
			buildSettings = {
				BUNDLE_LOADER = "$(TEST_HOST)";
				INFOPLIST_FILE = TreeTableViewTests/Info.plist;
				LD_RUNPATH_SEARCH_PATHS = "$(inherited) @executable_path/Frameworks @loader_path/Frameworks";
				PRODUCT_BUNDLE_IDENTIFIER = com.tinckay.TreeTableViewTests;
				PRODUCT_NAME = "$(TARGET_NAME)";
				TEST_HOST = "$(BUILT_PRODUCTS_DIR)/TreeTableView.app/TreeTableView";
			};
			name = Debug;
		};
		19049A861C3E627800E47369 /* Release */ = {
			isa = XCBuildConfiguration;
			buildSettings = {
				BUNDLE_LOADER = "$(TEST_HOST)";
				INFOPLIST_FILE = TreeTableViewTests/Info.plist;
				LD_RUNPATH_SEARCH_PATHS = "$(inherited) @executable_path/Frameworks @loader_path/Frameworks";
				PRODUCT_BUNDLE_IDENTIFIER = com.tinckay.TreeTableViewTests;
				PRODUCT_NAME = "$(TARGET_NAME)";
				TEST_HOST = "$(BUILT_PRODUCTS_DIR)/TreeTableView.app/TreeTableView";
			};
			name = Release;
		};
		19049A881C3E627800E47369 /* Debug */ = {
			isa = XCBuildConfiguration;
			buildSettings = {
				INFOPLIST_FILE = TreeTableViewUITests/Info.plist;
				LD_RUNPATH_SEARCH_PATHS = "$(inherited) @executable_path/Frameworks @loader_path/Frameworks";
				PRODUCT_BUNDLE_IDENTIFIER = com.tinckay.TreeTableViewUITests;
				PRODUCT_NAME = "$(TARGET_NAME)";
				TEST_TARGET_NAME = TreeTableView;
				USES_XCTRUNNER = YES;
			};
			name = Debug;
		};
		19049A891C3E627800E47369 /* Release */ = {
			isa = XCBuildConfiguration;
			buildSettings = {
				INFOPLIST_FILE = TreeTableViewUITests/Info.plist;
				LD_RUNPATH_SEARCH_PATHS = "$(inherited) @executable_path/Frameworks @loader_path/Frameworks";
				PRODUCT_BUNDLE_IDENTIFIER = com.tinckay.TreeTableViewUITests;
				PRODUCT_NAME = "$(TARGET_NAME)";
				TEST_TARGET_NAME = TreeTableView;
				USES_XCTRUNNER = YES;
			};
			name = Release;
		};
/* End XCBuildConfiguration section */

/* Begin XCConfigurationList section */
		19049A4F1C3E627700E47369 /* Build configuration list for PBXProject "TreeTableView" */ = {
			isa = XCConfigurationList;
			buildConfigurations = (
				19049A7F1C3E627800E47369 /* Debug */,
				19049A801C3E627800E47369 /* Release */,
			);
			defaultConfigurationIsVisible = 0;
			defaultConfigurationName = Release;
		};
		19049A811C3E627800E47369 /* Build configuration list for PBXNativeTarget "TreeTableView" */ = {
			isa = XCConfigurationList;
			buildConfigurations = (
				19049A821C3E627800E47369 /* Debug */,
				19049A831C3E627800E47369 /* Release */,
			);
			defaultConfigurationIsVisible = 0;
			defaultConfigurationName = Release;
		};
		19049A841C3E627800E47369 /* Build configuration list for PBXNativeTarget "TreeTableViewTests" */ = {
			isa = XCConfigurationList;
			buildConfigurations = (
				19049A851C3E627800E47369 /* Debug */,
				19049A861C3E627800E47369 /* Release */,
			);
			defaultConfigurationIsVisible = 0;
			defaultConfigurationName = Release;
		};
		19049A871C3E627800E47369 /* Build configuration list for PBXNativeTarget "TreeTableViewUITests" */ = {
			isa = XCConfigurationList;
			buildConfigurations = (
				19049A881C3E627800E47369 /* Debug */,
				19049A891C3E627800E47369 /* Release */,
			);
			defaultConfigurationIsVisible = 0;
			defaultConfigurationName = Release;
		};
/* End XCConfigurationList section */
	};
	rootObject = 19049A4C1C3E627700E47369 /* Project object */;
}
